
Microsoft Visual Studio Solution File, Format Version 12.00
# Visual Studio Version 16
VisualStudioVersion = 16.0.28922.388
MinimumVisualStudioVersion = 10.0.40219.1
Project("{FAE04EC0-301F-11D3-BF4B-00C04F79EFBC}") = "V8.5.2", "Eddd's Popcorn\V8.5.2.csproj", "{AFF5E2E3-4A67-41BA-AF4F-A3202935F7B3}"
EndProject
Global
	GlobalSection(SolutionConfigurationPlatforms) = preSolution
		Debug|Any CPU = Debug|Any CPU
		Release|Any CPU = Release|Any CPU
	EndGlobalSection
	GlobalSection(ProjectConfigurationPlatforms) = postSolution
		{AFF5E2E3-4A67-41BA-AF4F-A3202935F7B3}.Debug|Any CPU.ActiveCfg = Debug|Any CPU
		{AFF5E2E3-4A67-41BA-AF4F-A3202935F7B3}.Debug|Any CPU.Build.0 = Debug|Any CPU
		{AFF5E2E3-4A67-41BA-AF4F-A3202935F7B3}.Release|Any CPU.ActiveCfg = Release|Any CPU
		{AFF5E2E3-4A67-41BA-AF4F-A3202935F7B3}.Release|Any CPU.Build.0 = Release|Any CPU
	EndGlobalSection
	GlobalSection(SolutionProperties) = preSolution
		HideSolutionNode = FALSE
	EndGlobalSection
	GlobalSection(ExtensibilityGlobals) = postSolution
		SolutionGuid = {46E7B672-8DE3-4BCC-AD91-265B59745905}
	EndGlobalSection
EndGlobal
